
Microsoft Visual Studio Solution File, Format Version 11.00
# Visual Studio 2010
Project("{8BC9CEB8-8B4A-11D0-8D11-00A0C91BC942}") = "GameMFC1", "GameMFC1\GameMFC1.vcxproj", "{530ABD98-ADFE-4A79-8414-B1B2A2064A6D}"
EndProject
Global
	GlobalSection(SolutionConfigurationPlatforms) = preSolution
		Debug|Win32 = Debug|Win32
		Release|Win32 = Release|Win32
	EndGlobalSection
	GlobalSection(ProjectConfigurationPlatforms) = postSolution
		{530ABD98-ADFE-4A79-8414-B1B2A2064A6D}.Debug|Win32.ActiveCfg = Debug|Win32
		{530ABD98-ADFE-4A79-8414-B1B2A2064A6D}.Debug|Win32.Build.0 = Debug|Win32
		{530ABD98-ADFE-4A79-8414-B1B2A2064A6D}.Release|Win32.ActiveCfg = Release|Win32
		{530ABD98-ADFE-4A79-8414-B1B2A2064A6D}.Release|Win32.Build.0 = Release|Win32
	EndGlobalSection
	GlobalSection(SolutionProperties) = preSolution
		HideSolutionNode = FALSE
	EndGlobalSection
EndGlobal
